{"is_source_file": false, "format": "", "description": "", "external_files": [], "external_methods": [], "published": [], "classes": [], "methods": [], "calls": [], "search-terms": [], "state": 2, "file_id": 21, "knowledge_revision": 43, "git_revision": "2120fbbfc5a9cc17e833d711d478babe210f3e47", "hash": "e9b4c3b42cef0193b7fddb548d37e652", "format-version": 4, "code-base-name": "default", "filename": "tic_tac_toe_game/post_process_status.lock", "revision_history": [{"43": "2120fbbfc5a9cc17e833d711d478babe210f3e47"}]}